{
  "name": "TravelUSA",
  "lockfileVersion": 3,
  "requires": true,
  "packages": {
    "": {
      "dependencies": {
        "form": "^0.2.5",
        "react-hook": "^0.0.1",
        "react-hook-form": "^7.72.0",
        "react-router-dom": "^7.13.2"
      }
    },
    "node_modules/async": {
      "version": "3.2.6",
      "resolved": "https://registry.npmjs.org/async/-/async-3.2.6.tgz",
      "integrity": "sha512-htCUDlxyyCLMgaM3xXg0C0LW2xqfuQ6p05pCEIsXuyQ+a1koYKTuBMzRNwmybfLgvJDMd0r1LTn4+E0Ti6C2AA==",
      "license": "MIT"
    },
    "node_modules/cookie": {
      "version": "1.1.1",
      "resolved": "https://registry.npmjs.org/cookie/-/cookie-1.1.1.tgz",
      "integrity": "sha512-ei8Aos7ja0weRpFzJnEA9UHJ/7XQmqglbRwnf2ATjcB9Wq874VKH9kfjjirM6UhU2/E5fFYadylyhFldcqSidQ==",
      "license": "MIT",
      "engines": {
        "node": ">=18"
      },
      "funding": {
        "type": "opencollective",
        "url": "https://opencollective.com/express"
      }
    },
    "node_modules/form": {
      "version": "0.2.5",
      "resolved": "https://registry.npmjs.org/form/-/form-0.2.5.tgz",
      "integrity": "sha512-0UweRvfZfGSKDNREb1J++S0D4oTdcSHYWhT5ipZiqJE/bcay+tP+gzWAL1esgz7aEqeZVAAaPtrfCAdlU9lqgw==",
      "dependencies": {
        "async": ">= 0.1.22",
        "validator": ">= 0.4.9"
      },
      "engines": {
        "node": ">= 0.2.2"
      }
    },
    "node_modules/react-hook": {
      "version": "0.0.1",
      "resolved": "https://registry.npmjs.org/react-hook/-/react-hook-0.0.1.tgz",
      "integrity": "sha512-2/Guf88/dGyFgUT7QDtBJ1l7V5yqTcAHlNRIZNTu2xg0KkDjaiYZp79ah49NDaLMI/J7voWcKLU8wMONG4A/1g==",
      "license": "ISC"
    },
    "node_modules/react-hook-form": {
      "version": "7.72.0",
      "resolved": "https://registry.npmjs.org/react-hook-form/-/react-hook-form-7.72.0.tgz",
      "integrity": "sha512-V4v6jubaf6JAurEaVnT9aUPKFbNtDgohj5CIgVGyPHvT9wRx5OZHVjz31GsxnPNI278XMu+ruFz+wGOscHaLKw==",
      "license": "MIT",
      "engines": {
        "node": ">=18.0.0"
      },
      "funding": {
        "type": "opencollective",
        "url": "https://opencollective.com/react-hook-form"
      },
      "peerDependencies": {
        "react": "^16.8.0 || ^17 || ^18 || ^19"
      }
    },
    "node_modules/react-router": {
      "version": "7.13.2",
      "resolved": "https://registry.npmjs.org/react-router/-/react-router-7.13.2.tgz",
      "integrity": "sha512-tX1Aee+ArlKQP+NIUd7SE6Li+CiGKwQtbS+FfRxPX6Pe4vHOo6nr9d++u5cwg+Z8K/x8tP+7qLmujDtfrAoUJA==",
      "license": "MIT",
      "dependencies": {
        "cookie": "^1.0.1",
        "set-cookie-parser": "^2.6.0"
      },
      "engines": {
        "node": ">=20.0.0"
      },
      "peerDependencies": {
        "react": ">=18",
        "react-dom": ">=18"
      },
      "peerDependenciesMeta": {
        "react-dom": {
          "optional": true
        }
      }
    },
    "node_modules/react-router-dom": {
      "version": "7.13.2",
      "resolved": "https://registry.npmjs.org/react-router-dom/-/react-router-dom-7.13.2.tgz",
      "integrity": "sha512-aR7SUORwTqAW0JDeiWF07e9SBE9qGpByR9I8kJT5h/FrBKxPMS6TiC7rmVO+gC0q52Bx7JnjWe8Z1sR9faN4YA==",
      "license": "MIT",
      "dependencies": {
        "react-router": "7.13.2"
      },
      "engines": {
        "node": ">=20.0.0"
      },
      "peerDependencies": {
        "react": ">=18",
        "react-dom": ">=18"
      }
    },
    "node_modules/set-cookie-parser": {
      "version": "2.7.2",
      "resolved": "https://registry.npmjs.org/set-cookie-parser/-/set-cookie-parser-2.7.2.tgz",
      "integrity": "sha512-oeM1lpU/UvhTxw+g3cIfxXHyJRc/uidd3yK1P242gzHds0udQBYzs3y8j4gCCW+ZJ7ad0yctld8RYO+bdurlvw==",
      "license": "MIT"
    },
    "node_modules/validator": {
      "version": "13.15.26",
      "resolved": "https://registry.npmjs.org/validator/-/validator-13.15.26.tgz",
      "integrity": "sha512-spH26xU080ydGggxRyR1Yhcbgx+j3y5jbNXk/8L+iRvdIEQ4uTRH2Sgf2dokud6Q4oAtsbNvJ1Ft+9xmm6IZcA==",
      "license": "MIT",
      "engines": {
        "node": ">= 0.10"
      }
    }
  }
}
